{
    "_readme": [
        "This file locks the dependencies of your project to a known state",
        "Read more about it at https://getcomposer.org/doc/01-basic-usage.md#composer-lock-the-lock-file",
        "This file is @generated automatically"
    ],
    "hash": "98d71bebdf4b1e4bc0708d2624230ba7",
    "content-hash": "f9c131e97f04d409d83ab1226081decf",
    "packages": [],
    "packages-dev": [
        {
            "name": "krzysiekpiasecki/burzedzisnet",
            "version": "v1.0",
            "source": {
                "type": "git",
                "url": "https://github.com/krzysiekpiasecki/BurzeDzisNet.git",
                "reference": "e657d585ba9958db9a52eb4c4335d11fad3d9af6"
            },
            "dist": {
                "type": "zip",
                "url": "https://api.github.com/repos/krzysiekpiasecki/BurzeDzisNet/zipball/e657d585ba9958db9a52eb4c4335d11fad3d9af6",
                "reference": "e657d585ba9958db9a52eb4c4335d11fad3d9af6",
                "shasum": ""
            },
            "require": {
                "php": ">=7"
            },
            "require-dev": {
                "fabpot/php-cs-fixer": "*",
                "krzysiekpiasecki/diagnostics": "*",
                "phploc/phploc": "*",
                "phpunit/phpunit": "5.*",
                "phpunit/phpunit-story": "*"
            },
            "type": "library",
            "autoload": {
                "psr-4": {
                    "KrzysiekPiasecki\\": "src/KrzysiekPiasecki"
                }
            },
            "notification-url": "http://packagist.org/downloads/",
            "license": [
                "MIT"
            ],
            "authors": [
                {
                    "name": "Krzysztof Piasecki",
                    "email": "krzysiekpiasecki@gmail.com"
                }
            ],
            "description": "burze.dzis.net client",
            "keywords": [
                "alert",
                "storm",
                "weather"
            ],
            "time": "2015-10-21 18:18:31"
        }
    ],
    "aliases": [],
    "minimum-stability": "stable",
    "stability-flags": [],
    "prefer-stable": false,
    "prefer-lowest": false,
    "platform": {
        "php": ">=7"
    },
    "platform-dev": []
}
